{
  "name": "Sammanslaget-2021",
  "lockfileVersion": 2,
  "requires": true,
  "packages": {
    "": {
      "dependencies": {
        "materialize-css": "^1.0.0-rc.2"
      },
      "devDependencies": {
        "autoprefixer": "^10.3.2",
        "postcss": "^8.3.6"
      }
    },
    "node_modules/autoprefixer": {
      "version": "10.3.2",
      "resolved": "https://registry.npmjs.org/autoprefixer/-/autoprefixer-10.3.2.tgz",
      "integrity": "sha512-RHKq0YCvhxAn9987n0Gl6lkzLd39UKwCkUPMFE0cHhxU0SvcTjBxWG/CtkZ4/HvbqK9U5V8j03nAcGBlX3er/Q==",
      "dev": true,
      "dependencies": {
        "browserslist": "^4.16.8",
        "caniuse-lite": "^1.0.30001251",
        "colorette": "^1.3.0",
        "fraction.js": "^4.1.1",
        "normalize-range": "^0.1.2",
        "postcss-value-parser": "^4.1.0"
      },
      "bin": {
        "autoprefixer": "bin/autoprefixer"
      },
      "engines": {
        "node": "^10 || ^12 || >=14"
      },
      "funding": {
        "type": "opencollective",
        "url": "https://opencollective.com/postcss/"
      },
      "peerDependencies": {
        "postcss": "^8.1.0"
      }
    },
    "node_modules/browserslist": {
      "version": "4.16.8",
      "resolved": "https://registry.npmjs.org/browserslist/-/browserslist-4.16.8.tgz",
      "integrity": "sha512-sc2m9ohR/49sWEbPj14ZSSZqp+kbi16aLao42Hmn3Z8FpjuMaq2xCA2l4zl9ITfyzvnvyE0hcg62YkIGKxgaNQ==",
      "dev": true,
      "dependencies": {
        "caniuse-lite": "^1.0.30001251",
        "colorette": "^1.3.0",
        "electron-to-chromium": "^1.3.811",
        "escalade": "^3.1.1",
        "node-releases": "^1.1.75"
      },
      "bin": {
        "browserslist": "cli.js"
      },
      "engines": {
        "node": "^6 || ^7 || ^8 || ^9 || ^10 || ^11 || ^12 || >=13.7"
      },
      "funding": {
        "type": "opencollective",
        "url": "https://opencollective.com/browserslist"
      }
    },
    "node_modules/caniuse-lite": {
      "version": "1.0.30001252",
      "resolved": "https://registry.npmjs.org/caniuse-lite/-/caniuse-lite-1.0.30001252.tgz",
      "integrity": "sha512-I56jhWDGMtdILQORdusxBOH+Nl/KgQSdDmpJezYddnAkVOmnoU8zwjTV9xAjMIYxr0iPreEAVylCGcmHCjfaOw==",
      "dev": true,
      "funding": {
        "type": "opencollective",
        "url": "https://opencollective.com/browserslist"
      }
    },
    "node_modules/colorette": {
      "version": "1.3.0",
      "resolved": "https://registry.npmjs.org/colorette/-/colorette-1.3.0.tgz",
      "integrity": "sha512-ecORCqbSFP7Wm8Y6lyqMJjexBQqXSF7SSeaTyGGphogUjBlFP9m9o08wy86HL2uB7fMTxtOUzLMk7ogKcxMg1w==",
      "dev": true
    },
    "node_modules/electron-to-chromium": {
      "version": "1.3.818",
      "resolved": "https://registry.npmjs.org/electron-to-chromium/-/electron-to-chromium-1.3.818.tgz",
      "integrity": "sha512-c/Z9gIr+jDZAR9q+mn40hEc1NharBT+8ejkarjbCDnBNFviI6hvcC5j2ezkAXru//bTnQp5n6iPi0JA83Tla1Q==",
      "dev": true
    },
    "node_modules/escalade": {
      "version": "3.1.1",
      "resolved": "https://registry.npmjs.org/escalade/-/escalade-3.1.1.tgz",
      "integrity": "sha512-k0er2gUkLf8O0zKJiAhmkTnJlTvINGv7ygDNPbeIsX/TJjGJZHuh9B2UxbsaEkmlEo9MfhrSzmhIlhRlI2GXnw==",
      "dev": true,
      "engines": {
        "node": ">=6"
      }
    },
    "node_modules/fraction.js": {
      "version": "4.1.1",
      "resolved": "https://registry.npmjs.org/fraction.js/-/fraction.js-4.1.1.tgz",
      "integrity": "sha512-MHOhvvxHTfRFpF1geTK9czMIZ6xclsEor2wkIGYYq+PxcQqT7vStJqjhe6S1TenZrMZzo+wlqOufBDVepUEgPg==",
      "dev": true,
      "engines": {
        "node": "*"
      },
      "funding": {
        "type": "patreon",
        "url": "https://www.patreon.com/infusion"
      }
    },
    "node_modules/materialize-css": {
      "version": "1.0.0-rc.2",
      "resolved": "https://registry.npmjs.org/materialize-css/-/materialize-css-1.0.0-rc.2.tgz",
      "integrity": "sha512-FuQmSyq4Qv0ov7A2qXw0E6/jbQzSWx2P1pg2/XQDYTkkSc/GyiFAxu3fw9zgShwuTvyumEiw5jkxQWT9siqMBQ=="
    },
    "node_modules/nanoid": {
      "version": "3.1.25",
      "resolved": "https://registry.npmjs.org/nanoid/-/nanoid-3.1.25.tgz",
      "integrity": "sha512-rdwtIXaXCLFAQbnfqDRnI6jaRHp9fTcYBjtFKE8eezcZ7LuLjhUaQGNeMXf1HmRoCH32CLz6XwX0TtxEOS/A3Q==",
      "dev": true,
      "bin": {
        "nanoid": "bin/nanoid.cjs"
      },
      "engines": {
        "node": "^10 || ^12 || ^13.7 || ^14 || >=15.0.1"
      }
    },
    "node_modules/node-releases": {
      "version": "1.1.75",
      "resolved": "https://registry.npmjs.org/node-releases/-/node-releases-1.1.75.tgz",
      "integrity": "sha512-Qe5OUajvqrqDSy6wrWFmMwfJ0jVgwiw4T3KqmbTcZ62qW0gQkheXYhcFM1+lOVcGUoRxcEcfyvFMAnDgaF1VWw==",
      "dev": true
    },
    "node_modules/normalize-range": {
      "version": "0.1.2",
      "resolved": "https://registry.npmjs.org/normalize-range/-/normalize-range-0.1.2.tgz",
      "integrity": "sha1-LRDAa9/TEuqXd2laTShDlFa3WUI=",
      "dev": true,
      "engines": {
        "node": ">=0.10.0"
      }
    },
    "node_modules/postcss": {
      "version": "8.3.6",
      "resolved": "https://registry.npmjs.org/postcss/-/postcss-8.3.6.tgz",
      "integrity": "sha512-wG1cc/JhRgdqB6WHEuyLTedf3KIRuD0hG6ldkFEZNCjRxiC+3i6kkWUUbiJQayP28iwG35cEmAbe98585BYV0A==",
      "dev": true,
      "dependencies": {
        "colorette": "^1.2.2",
        "nanoid": "^3.1.23",
        "source-map-js": "^0.6.2"
      },
      "engines": {
        "node": "^10 || ^12 || >=14"
      },
      "funding": {
        "type": "opencollective",
        "url": "https://opencollective.com/postcss/"
      }
    },
    "node_modules/postcss-value-parser": {
      "version": "4.1.0",
      "resolved": "https://registry.npmjs.org/postcss-value-parser/-/postcss-value-parser-4.1.0.tgz",
      "integrity": "sha512-97DXOFbQJhk71ne5/Mt6cOu6yxsSfM0QGQyl0L25Gca4yGWEGJaig7l7gbCX623VqTBNGLRLaVUCnNkcedlRSQ==",
      "dev": true
    },
    "node_modules/source-map-js": {
      "version": "0.6.2",
      "resolved": "https://registry.npmjs.org/source-map-js/-/source-map-js-0.6.2.tgz",
      "integrity": "sha512-/3GptzWzu0+0MBQFrDKzw/DvvMTUORvgY6k6jd/VS6iCR4RDTKWH6v6WPwQoUO8667uQEf9Oe38DxAYWY5F/Ug==",
      "dev": true,
      "engines": {
        "node": ">=0.10.0"
      }
    }
  },
  "dependencies": {
    "autoprefixer": {
      "version": "10.3.2",
      "resolved": "https://registry.npmjs.org/autoprefixer/-/autoprefixer-10.3.2.tgz",
      "integrity": "sha512-RHKq0YCvhxAn9987n0Gl6lkzLd39UKwCkUPMFE0cHhxU0SvcTjBxWG/CtkZ4/HvbqK9U5V8j03nAcGBlX3er/Q==",
      "dev": true,
      "requires": {
        "browserslist": "^4.16.8",
        "caniuse-lite": "^1.0.30001251",
        "colorette": "^1.3.0",
        "fraction.js": "^4.1.1",
        "normalize-range": "^0.1.2",
        "postcss-value-parser": "^4.1.0"
      }
    },
    "browserslist": {
      "version": "4.16.8",
      "resolved": "https://registry.npmjs.org/browserslist/-/browserslist-4.16.8.tgz",
      "integrity": "sha512-sc2m9ohR/49sWEbPj14ZSSZqp+kbi16aLao42Hmn3Z8FpjuMaq2xCA2l4zl9ITfyzvnvyE0hcg62YkIGKxgaNQ==",
      "dev": true,
      "requires": {
        "caniuse-lite": "^1.0.30001251",
        "colorette": "^1.3.0",
        "electron-to-chromium": "^1.3.811",
        "escalade": "^3.1.1",
        "node-releases": "^1.1.75"
      }
    },
    "caniuse-lite": {
      "version": "1.0.30001252",
      "resolved": "https://registry.npmjs.org/caniuse-lite/-/caniuse-lite-1.0.30001252.tgz",
      "integrity": "sha512-I56jhWDGMtdILQORdusxBOH+Nl/KgQSdDmpJezYddnAkVOmnoU8zwjTV9xAjMIYxr0iPreEAVylCGcmHCjfaOw==",
      "dev": true
    },
    "colorette": {
      "version": "1.3.0",
      "resolved": "https://registry.npmjs.org/colorette/-/colorette-1.3.0.tgz",
      "integrity": "sha512-ecORCqbSFP7Wm8Y6lyqMJjexBQqXSF7SSeaTyGGphogUjBlFP9m9o08wy86HL2uB7fMTxtOUzLMk7ogKcxMg1w==",
      "dev": true
    },
    "electron-to-chromium": {
      "version": "1.3.818",
      "resolved": "https://registry.npmjs.org/electron-to-chromium/-/electron-to-chromium-1.3.818.tgz",
      "integrity": "sha512-c/Z9gIr+jDZAR9q+mn40hEc1NharBT+8ejkarjbCDnBNFviI6hvcC5j2ezkAXru//bTnQp5n6iPi0JA83Tla1Q==",
      "dev": true
    },
    "escalade": {
      "version": "3.1.1",
      "resolved": "https://registry.npmjs.org/escalade/-/escalade-3.1.1.tgz",
      "integrity": "sha512-k0er2gUkLf8O0zKJiAhmkTnJlTvINGv7ygDNPbeIsX/TJjGJZHuh9B2UxbsaEkmlEo9MfhrSzmhIlhRlI2GXnw==",
      "dev": true
    },
    "fraction.js": {
      "version": "4.1.1",
      "resolved": "https://registry.npmjs.org/fraction.js/-/fraction.js-4.1.1.tgz",
      "integrity": "sha512-MHOhvvxHTfRFpF1geTK9czMIZ6xclsEor2wkIGYYq+PxcQqT7vStJqjhe6S1TenZrMZzo+wlqOufBDVepUEgPg==",
      "dev": true
    },
    "materialize-css": {
      "version": "1.0.0-rc.2",
      "resolved": "https://registry.npmjs.org/materialize-css/-/materialize-css-1.0.0-rc.2.tgz",
      "integrity": "sha512-FuQmSyq4Qv0ov7A2qXw0E6/jbQzSWx2P1pg2/XQDYTkkSc/GyiFAxu3fw9zgShwuTvyumEiw5jkxQWT9siqMBQ=="
    },
    "nanoid": {
      "version": "3.1.25",
      "resolved": "https://registry.npmjs.org/nanoid/-/nanoid-3.1.25.tgz",
      "integrity": "sha512-rdwtIXaXCLFAQbnfqDRnI6jaRHp9fTcYBjtFKE8eezcZ7LuLjhUaQGNeMXf1HmRoCH32CLz6XwX0TtxEOS/A3Q==",
      "dev": true
    },
    "node-releases": {
      "version": "1.1.75",
      "resolved": "https://registry.npmjs.org/node-releases/-/node-releases-1.1.75.tgz",
      "integrity": "sha512-Qe5OUajvqrqDSy6wrWFmMwfJ0jVgwiw4T3KqmbTcZ62qW0gQkheXYhcFM1+lOVcGUoRxcEcfyvFMAnDgaF1VWw==",
      "dev": true
    },
    "normalize-range": {
      "version": "0.1.2",
      "resolved": "https://registry.npmjs.org/normalize-range/-/normalize-range-0.1.2.tgz",
      "integrity": "sha1-LRDAa9/TEuqXd2laTShDlFa3WUI=",
      "dev": true
    },
    "postcss": {
      "version": "8.3.6",
      "resolved": "https://registry.npmjs.org/postcss/-/postcss-8.3.6.tgz",
      "integrity": "sha512-wG1cc/JhRgdqB6WHEuyLTedf3KIRuD0hG6ldkFEZNCjRxiC+3i6kkWUUbiJQayP28iwG35cEmAbe98585BYV0A==",
      "dev": true,
      "requires": {
        "colorette": "^1.2.2",
        "nanoid": "^3.1.23",
        "source-map-js": "^0.6.2"
      }
    },
    "postcss-value-parser": {
      "version": "4.1.0",
      "resolved": "https://registry.npmjs.org/postcss-value-parser/-/postcss-value-parser-4.1.0.tgz",
      "integrity": "sha512-97DXOFbQJhk71ne5/Mt6cOu6yxsSfM0QGQyl0L25Gca4yGWEGJaig7l7gbCX623VqTBNGLRLaVUCnNkcedlRSQ==",
      "dev": true
    },
    "source-map-js": {
      "version": "0.6.2",
      "resolved": "https://registry.npmjs.org/source-map-js/-/source-map-js-0.6.2.tgz",
      "integrity": "sha512-/3GptzWzu0+0MBQFrDKzw/DvvMTUORvgY6k6jd/VS6iCR4RDTKWH6v6WPwQoUO8667uQEf9Oe38DxAYWY5F/Ug==",
      "dev": true
    }
  }
}
